
Microsoft Visual Studio Solution File, Format Version 12.00
# Visual Studio Version 17
VisualStudioVersion = 17.14.36414.22 d17.14
MinimumVisualStudioVersion = 10.0.40219.1
Project("{2150E333-8FDC-42A3-9474-1A3956D46DE8}") = "MainAPI", "MainAPI", "{3D8A0606-8AC9-4C2E-97B9-90B590FA71E8}"
EndProject
Project("{2150E333-8FDC-42A3-9474-1A3956D46DE8}") = "Shared", "Shared", "{B91C7CDE-6CDB-4B6D-9D76-C38F66BE6C2F}"
EndProject
Project("{2150E333-8FDC-42A3-9474-1A3956D46DE8}") = "ApiGateway", "ApiGateway", "{487C29A3-A19F-410C-82D2-99B6887DBEEE}"
EndProject
Project("{2150E333-8FDC-42A3-9474-1A3956D46DE8}") = "Authentucation", "Authentucation", "{A2EE7626-E3CA-4C18-9EBD-3EB9C0170A68}"
EndProject
Project("{2150E333-8FDC-42A3-9474-1A3956D46DE8}") = "Accounting", "Accounting", "{E9E580CC-8DE2-432A-8DAB-7FA245BB2C6E}"
EndProject
Project("{2150E333-8FDC-42A3-9474-1A3956D46DE8}") = "Payments", "Payments", "{91C5BCD1-A18A-4130-968E-E7E25516E077}"
EndProject
Project("{2150E333-8FDC-42A3-9474-1A3956D46DE8}") = "Catalog", "Catalog", "{540DE940-2D4A-4DFF-A1F6-F3464064F86E}"
EndProject
Project("{2150E333-8FDC-42A3-9474-1A3956D46DE8}") = "source", "source", "{49DCBC37-0CC2-4F83-BAB7-6163128CF2A3}"
EndProject
Project("{FAE04EC0-301F-11D3-BF4B-00C04F79EFBC}") = "JaxWorld.Api", "src\API\JaxWorld.Api\JaxWorld.Api.csproj", "{CBB5496B-DF59-37B1-14C4-7377FFA929C9}"
EndProject
Project("{FAE04EC0-301F-11D3-BF4B-00C04F79EFBC}") = "JaxWorld.Application", "src\API\JaxWorld.Application\JaxWorld.Application.csproj", "{2700A4BD-AC56-D8DE-0021-82EFB37E0528}"
EndProject
Project("{FAE04EC0-301F-11D3-BF4B-00C04F79EFBC}") = "JaxWorld.Domain", "src\API\JaxWorld.Domain\JaxWorld.Domain.csproj", "{00BF878E-98D4-6963-2813-C362853F8FBB}"
EndProject
Project("{FAE04EC0-301F-11D3-BF4B-00C04F79EFBC}") = "JaxWorld.Infrastructure", "src\API\JaxWorld.Infrastructure\JaxWorld.Infrastructure.csproj", "{1C3BED43-CA0A-D201-B095-100518F1F7C7}"
EndProject
Project("{FAE04EC0-301F-11D3-BF4B-00C04F79EFBC}") = "JaxWorld.Shared.Domain", "src\Shared\JaxWorld.Shared.Domain\JaxWorld.Shared.Domain.csproj", "{B0296A47-16DA-9F63-C883-C5C1B25E82D6}"
EndProject
Global
	GlobalSection(SolutionConfigurationPlatforms) = preSolution
		Debug|Any CPU = Debug|Any CPU
		Release|Any CPU = Release|Any CPU
	EndGlobalSection
	GlobalSection(ProjectConfigurationPlatforms) = postSolution
		{CBB5496B-DF59-37B1-14C4-7377FFA929C9}.Debug|Any CPU.ActiveCfg = Debug|Any CPU
		{CBB5496B-DF59-37B1-14C4-7377FFA929C9}.Debug|Any CPU.Build.0 = Debug|Any CPU
		{CBB5496B-DF59-37B1-14C4-7377FFA929C9}.Release|Any CPU.ActiveCfg = Release|Any CPU
		{CBB5496B-DF59-37B1-14C4-7377FFA929C9}.Release|Any CPU.Build.0 = Release|Any CPU
		{2700A4BD-AC56-D8DE-0021-82EFB37E0528}.Debug|Any CPU.ActiveCfg = Debug|Any CPU
		{2700A4BD-AC56-D8DE-0021-82EFB37E0528}.Debug|Any CPU.Build.0 = Debug|Any CPU
		{2700A4BD-AC56-D8DE-0021-82EFB37E0528}.Release|Any CPU.ActiveCfg = Release|Any CPU
		{2700A4BD-AC56-D8DE-0021-82EFB37E0528}.Release|Any CPU.Build.0 = Release|Any CPU
		{00BF878E-98D4-6963-2813-C362853F8FBB}.Debug|Any CPU.ActiveCfg = Debug|Any CPU
		{00BF878E-98D4-6963-2813-C362853F8FBB}.Debug|Any CPU.Build.0 = Debug|Any CPU
		{00BF878E-98D4-6963-2813-C362853F8FBB}.Release|Any CPU.ActiveCfg = Release|Any CPU
		{00BF878E-98D4-6963-2813-C362853F8FBB}.Release|Any CPU.Build.0 = Release|Any CPU
		{1C3BED43-CA0A-D201-B095-100518F1F7C7}.Debug|Any CPU.ActiveCfg = Debug|Any CPU
		{1C3BED43-CA0A-D201-B095-100518F1F7C7}.Debug|Any CPU.Build.0 = Debug|Any CPU
		{1C3BED43-CA0A-D201-B095-100518F1F7C7}.Release|Any CPU.ActiveCfg = Release|Any CPU
		{1C3BED43-CA0A-D201-B095-100518F1F7C7}.Release|Any CPU.Build.0 = Release|Any CPU
		{B0296A47-16DA-9F63-C883-C5C1B25E82D6}.Debug|Any CPU.ActiveCfg = Debug|Any CPU
		{B0296A47-16DA-9F63-C883-C5C1B25E82D6}.Debug|Any CPU.Build.0 = Debug|Any CPU
		{B0296A47-16DA-9F63-C883-C5C1B25E82D6}.Release|Any CPU.ActiveCfg = Release|Any CPU
		{B0296A47-16DA-9F63-C883-C5C1B25E82D6}.Release|Any CPU.Build.0 = Release|Any CPU
	EndGlobalSection
	GlobalSection(SolutionProperties) = preSolution
		HideSolutionNode = FALSE
	EndGlobalSection
	GlobalSection(NestedProjects) = preSolution
		{3D8A0606-8AC9-4C2E-97B9-90B590FA71E8} = {49DCBC37-0CC2-4F83-BAB7-6163128CF2A3}
		{B91C7CDE-6CDB-4B6D-9D76-C38F66BE6C2F} = {49DCBC37-0CC2-4F83-BAB7-6163128CF2A3}
		{487C29A3-A19F-410C-82D2-99B6887DBEEE} = {49DCBC37-0CC2-4F83-BAB7-6163128CF2A3}
		{A2EE7626-E3CA-4C18-9EBD-3EB9C0170A68} = {49DCBC37-0CC2-4F83-BAB7-6163128CF2A3}
		{E9E580CC-8DE2-432A-8DAB-7FA245BB2C6E} = {49DCBC37-0CC2-4F83-BAB7-6163128CF2A3}
		{91C5BCD1-A18A-4130-968E-E7E25516E077} = {49DCBC37-0CC2-4F83-BAB7-6163128CF2A3}
		{540DE940-2D4A-4DFF-A1F6-F3464064F86E} = {49DCBC37-0CC2-4F83-BAB7-6163128CF2A3}
		{CBB5496B-DF59-37B1-14C4-7377FFA929C9} = {3D8A0606-8AC9-4C2E-97B9-90B590FA71E8}
		{2700A4BD-AC56-D8DE-0021-82EFB37E0528} = {3D8A0606-8AC9-4C2E-97B9-90B590FA71E8}
		{00BF878E-98D4-6963-2813-C362853F8FBB} = {3D8A0606-8AC9-4C2E-97B9-90B590FA71E8}
		{1C3BED43-CA0A-D201-B095-100518F1F7C7} = {3D8A0606-8AC9-4C2E-97B9-90B590FA71E8}
		{B0296A47-16DA-9F63-C883-C5C1B25E82D6} = {B91C7CDE-6CDB-4B6D-9D76-C38F66BE6C2F}
	EndGlobalSection
	GlobalSection(ExtensibilityGlobals) = postSolution
		SolutionGuid = {89BB67BA-F48E-40A6-BD66-6F9BB7442CC1}
	EndGlobalSection
EndGlobal
